
Microsoft Visual Studio Solution File, Format Version 12.00
# Visual Studio Version 17
VisualStudioVersion = 17.5.33530.505
MinimumVisualStudioVersion = 10.0.40219.1
Project("{FAE04EC0-301F-11D3-BF4B-00C04F79EFBC}") = "c#_q6", "Lab6_q6\c#_q6.csproj", "{75B0D2C4-BE55-43C9-99E9-BF1A4D843F58}"
EndProject
Global
	GlobalSection(SolutionConfigurationPlatforms) = preSolution
		Debug|Any CPU = Debug|Any CPU
		Release|Any CPU = Release|Any CPU
	EndGlobalSection
	GlobalSection(ProjectConfigurationPlatforms) = postSolution
		{75B0D2C4-BE55-43C9-99E9-BF1A4D843F58}.Debug|Any CPU.ActiveCfg = Debug|Any CPU
		{75B0D2C4-BE55-43C9-99E9-BF1A4D843F58}.Debug|Any CPU.Build.0 = Debug|Any CPU
		{75B0D2C4-BE55-43C9-99E9-BF1A4D843F58}.Release|Any CPU.ActiveCfg = Release|Any CPU
		{75B0D2C4-BE55-43C9-99E9-BF1A4D843F58}.Release|Any CPU.Build.0 = Release|Any CPU
	EndGlobalSection
	GlobalSection(SolutionProperties) = preSolution
		HideSolutionNode = FALSE
	EndGlobalSection
	GlobalSection(ExtensibilityGlobals) = postSolution
		SolutionGuid = {41EB8CF5-0773-4F61-A37F-C54B6B5F8803}
	EndGlobalSection
EndGlobal
