
Microsoft Visual Studio Solution File, Format Version 12.00
# Visual Studio Version 17
VisualStudioVersion = 17.6.33815.320
MinimumVisualStudioVersion = 10.0.40219.1
Project("{FAE04EC0-301F-11D3-BF4B-00C04F79EFBC}") = "c#_q8", "c#_q8\c#_q8.csproj", "{CF1D3466-CEF9-40C4-923A-66087579F091}"
EndProject
Global
	GlobalSection(SolutionConfigurationPlatforms) = preSolution
		Debug|Any CPU = Debug|Any CPU
		Release|Any CPU = Release|Any CPU
	EndGlobalSection
	GlobalSection(ProjectConfigurationPlatforms) = postSolution
		{CF1D3466-CEF9-40C4-923A-66087579F091}.Debug|Any CPU.ActiveCfg = Debug|Any CPU
		{CF1D3466-CEF9-40C4-923A-66087579F091}.Debug|Any CPU.Build.0 = Debug|Any CPU
		{CF1D3466-CEF9-40C4-923A-66087579F091}.Release|Any CPU.ActiveCfg = Release|Any CPU
		{CF1D3466-CEF9-40C4-923A-66087579F091}.Release|Any CPU.Build.0 = Release|Any CPU
	EndGlobalSection
	GlobalSection(SolutionProperties) = preSolution
		HideSolutionNode = FALSE
	EndGlobalSection
	GlobalSection(ExtensibilityGlobals) = postSolution
		SolutionGuid = {E06B6E79-7E68-4067-8606-F84FB423523B}
	EndGlobalSection
EndGlobal
