
Microsoft Visual Studio Solution File, Format Version 12.00
# Visual Studio Version 17
VisualStudioVersion = 17.5.33530.505
MinimumVisualStudioVersion = 10.0.40219.1
Project("{FAE04EC0-301F-11D3-BF4B-00C04F79EFBC}") = "C#_lab_q5_6_16_2023", "C#_lab_q5_6_16_2023\C#_lab_q5_6_16_2023.csproj", "{B6E4A93C-C375-427B-B80A-26EA0DD7E65B}"
EndProject
Global
	GlobalSection(SolutionConfigurationPlatforms) = preSolution
		Debug|Any CPU = Debug|Any CPU
		Release|Any CPU = Release|Any CPU
	EndGlobalSection
	GlobalSection(ProjectConfigurationPlatforms) = postSolution
		{B6E4A93C-C375-427B-B80A-26EA0DD7E65B}.Debug|Any CPU.ActiveCfg = Debug|Any CPU
		{B6E4A93C-C375-427B-B80A-26EA0DD7E65B}.Debug|Any CPU.Build.0 = Debug|Any CPU
		{B6E4A93C-C375-427B-B80A-26EA0DD7E65B}.Release|Any CPU.ActiveCfg = Release|Any CPU
		{B6E4A93C-C375-427B-B80A-26EA0DD7E65B}.Release|Any CPU.Build.0 = Release|Any CPU
	EndGlobalSection
	GlobalSection(SolutionProperties) = preSolution
		HideSolutionNode = FALSE
	EndGlobalSection
	GlobalSection(ExtensibilityGlobals) = postSolution
		SolutionGuid = {7DE053DB-F815-409D-947D-04C88204A4DC}
	EndGlobalSection
EndGlobal
